
Microsoft Visual Studio Solution File, Format Version 12.00
# Visual Studio Version 16
VisualStudioVersion = 16.0.30406.217
MinimumVisualStudioVersion = 10.0.40219.1
Project("{FAE04EC0-301F-11D3-BF4B-00C04F79EFBC}") = "HotelFinder.Entities", "HotelFinder.Entities\HotelFinder.Entities.csproj", "{C1545365-8A27-4B7C-9B89-B148B46572AB}"
EndProject
Project("{FAE04EC0-301F-11D3-BF4B-00C04F79EFBC}") = "HotelFinder.DataAccess", "HotelFinder.DataAccess\HotelFinder.DataAccess.csproj", "{A9752E73-310E-4210-B5B3-2794E2418C50}"
EndProject
Global
	GlobalSection(SolutionConfigurationPlatforms) = preSolution
		Debug|Any CPU = Debug|Any CPU
		Release|Any CPU = Release|Any CPU
	EndGlobalSection
	GlobalSection(ProjectConfigurationPlatforms) = postSolution
		{C1545365-8A27-4B7C-9B89-B148B46572AB}.Debug|Any CPU.ActiveCfg = Debug|Any CPU
		{C1545365-8A27-4B7C-9B89-B148B46572AB}.Debug|Any CPU.Build.0 = Debug|Any CPU
		{C1545365-8A27-4B7C-9B89-B148B46572AB}.Release|Any CPU.ActiveCfg = Release|Any CPU
		{C1545365-8A27-4B7C-9B89-B148B46572AB}.Release|Any CPU.Build.0 = Release|Any CPU
		{A9752E73-310E-4210-B5B3-2794E2418C50}.Debug|Any CPU.ActiveCfg = Debug|Any CPU
		{A9752E73-310E-4210-B5B3-2794E2418C50}.Debug|Any CPU.Build.0 = Debug|Any CPU
		{A9752E73-310E-4210-B5B3-2794E2418C50}.Release|Any CPU.ActiveCfg = Release|Any CPU
		{A9752E73-310E-4210-B5B3-2794E2418C50}.Release|Any CPU.Build.0 = Release|Any CPU
	EndGlobalSection
	GlobalSection(SolutionProperties) = preSolution
		HideSolutionNode = FALSE
	EndGlobalSection
	GlobalSection(ExtensibilityGlobals) = postSolution
		SolutionGuid = {4B61D347-31A6-4ACA-B2B3-398E5EB75418}
	EndGlobalSection
EndGlobal
